
Microsoft Visual Studio Solution File, Format Version 12.00
# Visual Studio Version 17
VisualStudioVersion = 17.8.34511.84
MinimumVisualStudioVersion = 10.0.40219.1
Project("{FAE04EC0-301F-11D3-BF4B-00C04F79EFBC}") = "EmployeeWeb", "EmployeeWeb\EmployeeWeb.csproj", "{43025155-48E4-46B5-9297-00774BFCA0EE}"
EndProject
Global
	GlobalSection(SolutionConfigurationPlatforms) = preSolution
		Debug|Any CPU = Debug|Any CPU
		Release|Any CPU = Release|Any CPU
	EndGlobalSection
	GlobalSection(ProjectConfigurationPlatforms) = postSolution
		{43025155-48E4-46B5-9297-00774BFCA0EE}.Debug|Any CPU.ActiveCfg = Debug|Any CPU
		{43025155-48E4-46B5-9297-00774BFCA0EE}.Debug|Any CPU.Build.0 = Debug|Any CPU
		{43025155-48E4-46B5-9297-00774BFCA0EE}.Release|Any CPU.ActiveCfg = Release|Any CPU
		{43025155-48E4-46B5-9297-00774BFCA0EE}.Release|Any CPU.Build.0 = Release|Any CPU
	EndGlobalSection
	GlobalSection(SolutionProperties) = preSolution
		HideSolutionNode = FALSE
	EndGlobalSection
	GlobalSection(ExtensibilityGlobals) = postSolution
		SolutionGuid = {64AFB36B-8DA1-45EE-83F8-1C6A116702A3}
	EndGlobalSection
EndGlobal
